{
  "name": "t3-clone",
  "lockfileVersion": 3,
  "requires": true,
  "packages": {
    "": {
      "dependencies": {
        "basecoat-css": "^0.1.2"
      }
    },
    "node_modules/basecoat-css": {
      "version": "0.1.2",
      "resolved": "https://registry.npmjs.org/basecoat-css/-/basecoat-css-0.1.2.tgz",
      "integrity": "sha512-nKlo9u7rLE7POTet5rId1Q8xjzHCqGxqRJxvF6qC7DY3ZgDDtEkLCYQN23Rluk2VMg/HPqWWf4+6rS49rXLzLw==",
      "license": "MIT"
    }
  }
}
